
Microsoft Visual Studio Solution File, Format Version 12.00
# Visual Studio 15
VisualStudioVersion = 15.0.26124.0
MinimumVisualStudioVersion = 15.0.26124.0
Project("{FAE04EC0-301F-11D3-BF4B-00C04F79EFBC}") = "Application", "Api.Application\Application.csproj", "{E9CDE371-0192-4BCD-94B4-D7CC696FDBB1}"
EndProject
Project("{FAE04EC0-301F-11D3-BF4B-00C04F79EFBC}") = "Domain", "Api.Domain\Domain.csproj", "{6ACBF262-F12B-459B-8DC4-691A167FF991}"
EndProject
Project("{FAE04EC0-301F-11D3-BF4B-00C04F79EFBC}") = "Data", "Api.Data\Data.csproj", "{128B72A8-B3A1-4C11-9708-07DAF1B87ED3}"
EndProject
Project("{FAE04EC0-301F-11D3-BF4B-00C04F79EFBC}") = "CrossCutting", "Api.CrossCutting\CrossCutting.csproj", "{8B51249E-049B-4E53-9A22-E45B319755ED}"
EndProject
Project("{FAE04EC0-301F-11D3-BF4B-00C04F79EFBC}") = "Service", "Api.Service\Service.csproj", "{4986A552-A632-43B3-8887-90251884BE2E}"
EndProject
Project("{FAE04EC0-301F-11D3-BF4B-00C04F79EFBC}") = "Service.Test", "Api.Service.Test\Service.Test.csproj", "{4CB77BCB-EBA2-4FF6-8BEE-24F11F33401C}"
EndProject
Project("{FAE04EC0-301F-11D3-BF4B-00C04F79EFBC}") = "Data.Test", "Api.Data.Test\Data.Test.csproj", "{FC44FB5D-2385-4150-821E-2A666C0F6B2B}"
EndProject
Project("{FAE04EC0-301F-11D3-BF4B-00C04F79EFBC}") = "Application.Test", "Api.Application.Test\Application.Test.csproj", "{AC6F48E2-4111-49D0-8C97-AB84FABB8326}"
EndProject
Project("{FAE04EC0-301F-11D3-BF4B-00C04F79EFBC}") = "Api.Integration.Test", "Api.Integration.Test\Api.Integration.Test.csproj", "{B132BB64-63E8-473A-B901-6527D91F2D48}"
EndProject
Global
	GlobalSection(SolutionConfigurationPlatforms) = preSolution
		Debug|Any CPU = Debug|Any CPU
		Debug|x64 = Debug|x64
		Debug|x86 = Debug|x86
		Release|Any CPU = Release|Any CPU
		Release|x64 = Release|x64
		Release|x86 = Release|x86
	EndGlobalSection
	GlobalSection(SolutionProperties) = preSolution
		HideSolutionNode = FALSE
	EndGlobalSection
	GlobalSection(ProjectConfigurationPlatforms) = postSolution
		{E9CDE371-0192-4BCD-94B4-D7CC696FDBB1}.Debug|Any CPU.ActiveCfg = Debug|Any CPU
		{E9CDE371-0192-4BCD-94B4-D7CC696FDBB1}.Debug|Any CPU.Build.0 = Debug|Any CPU
		{E9CDE371-0192-4BCD-94B4-D7CC696FDBB1}.Debug|x64.ActiveCfg = Debug|Any CPU
		{E9CDE371-0192-4BCD-94B4-D7CC696FDBB1}.Debug|x64.Build.0 = Debug|Any CPU
		{E9CDE371-0192-4BCD-94B4-D7CC696FDBB1}.Debug|x86.ActiveCfg = Debug|Any CPU
		{E9CDE371-0192-4BCD-94B4-D7CC696FDBB1}.Debug|x86.Build.0 = Debug|Any CPU
		{E9CDE371-0192-4BCD-94B4-D7CC696FDBB1}.Release|Any CPU.ActiveCfg = Release|Any CPU
		{E9CDE371-0192-4BCD-94B4-D7CC696FDBB1}.Release|Any CPU.Build.0 = Release|Any CPU
		{E9CDE371-0192-4BCD-94B4-D7CC696FDBB1}.Release|x64.ActiveCfg = Release|Any CPU
		{E9CDE371-0192-4BCD-94B4-D7CC696FDBB1}.Release|x64.Build.0 = Release|Any CPU
		{E9CDE371-0192-4BCD-94B4-D7CC696FDBB1}.Release|x86.ActiveCfg = Release|Any CPU
		{E9CDE371-0192-4BCD-94B4-D7CC696FDBB1}.Release|x86.Build.0 = Release|Any CPU
		{6ACBF262-F12B-459B-8DC4-691A167FF991}.Debug|Any CPU.ActiveCfg = Debug|Any CPU
		{6ACBF262-F12B-459B-8DC4-691A167FF991}.Debug|Any CPU.Build.0 = Debug|Any CPU
		{6ACBF262-F12B-459B-8DC4-691A167FF991}.Debug|x64.ActiveCfg = Debug|Any CPU
		{6ACBF262-F12B-459B-8DC4-691A167FF991}.Debug|x64.Build.0 = Debug|Any CPU
		{6ACBF262-F12B-459B-8DC4-691A167FF991}.Debug|x86.ActiveCfg = Debug|Any CPU
		{6ACBF262-F12B-459B-8DC4-691A167FF991}.Debug|x86.Build.0 = Debug|Any CPU
		{6ACBF262-F12B-459B-8DC4-691A167FF991}.Release|Any CPU.ActiveCfg = Release|Any CPU
		{6ACBF262-F12B-459B-8DC4-691A167FF991}.Release|Any CPU.Build.0 = Release|Any CPU
		{6ACBF262-F12B-459B-8DC4-691A167FF991}.Release|x64.ActiveCfg = Release|Any CPU
		{6ACBF262-F12B-459B-8DC4-691A167FF991}.Release|x64.Build.0 = Release|Any CPU
		{6ACBF262-F12B-459B-8DC4-691A167FF991}.Release|x86.ActiveCfg = Release|Any CPU
		{6ACBF262-F12B-459B-8DC4-691A167FF991}.Release|x86.Build.0 = Release|Any CPU
		{128B72A8-B3A1-4C11-9708-07DAF1B87ED3}.Debug|Any CPU.ActiveCfg = Debug|Any CPU
		{128B72A8-B3A1-4C11-9708-07DAF1B87ED3}.Debug|Any CPU.Build.0 = Debug|Any CPU
		{128B72A8-B3A1-4C11-9708-07DAF1B87ED3}.Debug|x64.ActiveCfg = Debug|Any CPU
		{128B72A8-B3A1-4C11-9708-07DAF1B87ED3}.Debug|x64.Build.0 = Debug|Any CPU
		{128B72A8-B3A1-4C11-9708-07DAF1B87ED3}.Debug|x86.ActiveCfg = Debug|Any CPU
		{128B72A8-B3A1-4C11-9708-07DAF1B87ED3}.Debug|x86.Build.0 = Debug|Any CPU
		{128B72A8-B3A1-4C11-9708-07DAF1B87ED3}.Release|Any CPU.ActiveCfg = Release|Any CPU
		{128B72A8-B3A1-4C11-9708-07DAF1B87ED3}.Release|Any CPU.Build.0 = Release|Any CPU
		{128B72A8-B3A1-4C11-9708-07DAF1B87ED3}.Release|x64.ActiveCfg = Release|Any CPU
		{128B72A8-B3A1-4C11-9708-07DAF1B87ED3}.Release|x64.Build.0 = Release|Any CPU
		{128B72A8-B3A1-4C11-9708-07DAF1B87ED3}.Release|x86.ActiveCfg = Release|Any CPU
		{128B72A8-B3A1-4C11-9708-07DAF1B87ED3}.Release|x86.Build.0 = Release|Any CPU
		{8B51249E-049B-4E53-9A22-E45B319755ED}.Debug|Any CPU.ActiveCfg = Debug|Any CPU
		{8B51249E-049B-4E53-9A22-E45B319755ED}.Debug|Any CPU.Build.0 = Debug|Any CPU
		{8B51249E-049B-4E53-9A22-E45B319755ED}.Debug|x64.ActiveCfg = Debug|Any CPU
		{8B51249E-049B-4E53-9A22-E45B319755ED}.Debug|x64.Build.0 = Debug|Any CPU
		{8B51249E-049B-4E53-9A22-E45B319755ED}.Debug|x86.ActiveCfg = Debug|Any CPU
		{8B51249E-049B-4E53-9A22-E45B319755ED}.Debug|x86.Build.0 = Debug|Any CPU
		{8B51249E-049B-4E53-9A22-E45B319755ED}.Release|Any CPU.ActiveCfg = Release|Any CPU
		{8B51249E-049B-4E53-9A22-E45B319755ED}.Release|Any CPU.Build.0 = Release|Any CPU
		{8B51249E-049B-4E53-9A22-E45B319755ED}.Release|x64.ActiveCfg = Release|Any CPU
		{8B51249E-049B-4E53-9A22-E45B319755ED}.Release|x64.Build.0 = Release|Any CPU
		{8B51249E-049B-4E53-9A22-E45B319755ED}.Release|x86.ActiveCfg = Release|Any CPU
		{8B51249E-049B-4E53-9A22-E45B319755ED}.Release|x86.Build.0 = Release|Any CPU
		{4986A552-A632-43B3-8887-90251884BE2E}.Debug|Any CPU.ActiveCfg = Debug|Any CPU
		{4986A552-A632-43B3-8887-90251884BE2E}.Debug|Any CPU.Build.0 = Debug|Any CPU
		{4986A552-A632-43B3-8887-90251884BE2E}.Debug|x64.ActiveCfg = Debug|Any CPU
		{4986A552-A632-43B3-8887-90251884BE2E}.Debug|x64.Build.0 = Debug|Any CPU
		{4986A552-A632-43B3-8887-90251884BE2E}.Debug|x86.ActiveCfg = Debug|Any CPU
		{4986A552-A632-43B3-8887-90251884BE2E}.Debug|x86.Build.0 = Debug|Any CPU
		{4986A552-A632-43B3-8887-90251884BE2E}.Release|Any CPU.ActiveCfg = Release|Any CPU
		{4986A552-A632-43B3-8887-90251884BE2E}.Release|Any CPU.Build.0 = Release|Any CPU
		{4986A552-A632-43B3-8887-90251884BE2E}.Release|x64.ActiveCfg = Release|Any CPU
		{4986A552-A632-43B3-8887-90251884BE2E}.Release|x64.Build.0 = Release|Any CPU
		{4986A552-A632-43B3-8887-90251884BE2E}.Release|x86.ActiveCfg = Release|Any CPU
		{4986A552-A632-43B3-8887-90251884BE2E}.Release|x86.Build.0 = Release|Any CPU
		{4CB77BCB-EBA2-4FF6-8BEE-24F11F33401C}.Debug|Any CPU.ActiveCfg = Debug|Any CPU
		{4CB77BCB-EBA2-4FF6-8BEE-24F11F33401C}.Debug|Any CPU.Build.0 = Debug|Any CPU
		{4CB77BCB-EBA2-4FF6-8BEE-24F11F33401C}.Debug|x64.ActiveCfg = Debug|Any CPU
		{4CB77BCB-EBA2-4FF6-8BEE-24F11F33401C}.Debug|x64.Build.0 = Debug|Any CPU
		{4CB77BCB-EBA2-4FF6-8BEE-24F11F33401C}.Debug|x86.ActiveCfg = Debug|Any CPU
		{4CB77BCB-EBA2-4FF6-8BEE-24F11F33401C}.Debug|x86.Build.0 = Debug|Any CPU
		{4CB77BCB-EBA2-4FF6-8BEE-24F11F33401C}.Release|Any CPU.ActiveCfg = Release|Any CPU
		{4CB77BCB-EBA2-4FF6-8BEE-24F11F33401C}.Release|Any CPU.Build.0 = Release|Any CPU
		{4CB77BCB-EBA2-4FF6-8BEE-24F11F33401C}.Release|x64.ActiveCfg = Release|Any CPU
		{4CB77BCB-EBA2-4FF6-8BEE-24F11F33401C}.Release|x64.Build.0 = Release|Any CPU
		{4CB77BCB-EBA2-4FF6-8BEE-24F11F33401C}.Release|x86.ActiveCfg = Release|Any CPU
		{4CB77BCB-EBA2-4FF6-8BEE-24F11F33401C}.Release|x86.Build.0 = Release|Any CPU
		{FC44FB5D-2385-4150-821E-2A666C0F6B2B}.Debug|Any CPU.ActiveCfg = Debug|Any CPU
		{FC44FB5D-2385-4150-821E-2A666C0F6B2B}.Debug|Any CPU.Build.0 = Debug|Any CPU
		{FC44FB5D-2385-4150-821E-2A666C0F6B2B}.Debug|x64.ActiveCfg = Debug|Any CPU
		{FC44FB5D-2385-4150-821E-2A666C0F6B2B}.Debug|x64.Build.0 = Debug|Any CPU
		{FC44FB5D-2385-4150-821E-2A666C0F6B2B}.Debug|x86.ActiveCfg = Debug|Any CPU
		{FC44FB5D-2385-4150-821E-2A666C0F6B2B}.Debug|x86.Build.0 = Debug|Any CPU
		{FC44FB5D-2385-4150-821E-2A666C0F6B2B}.Release|Any CPU.ActiveCfg = Release|Any CPU
		{FC44FB5D-2385-4150-821E-2A666C0F6B2B}.Release|Any CPU.Build.0 = Release|Any CPU
		{FC44FB5D-2385-4150-821E-2A666C0F6B2B}.Release|x64.ActiveCfg = Release|Any CPU
		{FC44FB5D-2385-4150-821E-2A666C0F6B2B}.Release|x64.Build.0 = Release|Any CPU
		{FC44FB5D-2385-4150-821E-2A666C0F6B2B}.Release|x86.ActiveCfg = Release|Any CPU
		{FC44FB5D-2385-4150-821E-2A666C0F6B2B}.Release|x86.Build.0 = Release|Any CPU
		{AC6F48E2-4111-49D0-8C97-AB84FABB8326}.Debug|Any CPU.ActiveCfg = Debug|Any CPU
		{AC6F48E2-4111-49D0-8C97-AB84FABB8326}.Debug|Any CPU.Build.0 = Debug|Any CPU
		{AC6F48E2-4111-49D0-8C97-AB84FABB8326}.Debug|x64.ActiveCfg = Debug|Any CPU
		{AC6F48E2-4111-49D0-8C97-AB84FABB8326}.Debug|x64.Build.0 = Debug|Any CPU
		{AC6F48E2-4111-49D0-8C97-AB84FABB8326}.Debug|x86.ActiveCfg = Debug|Any CPU
		{AC6F48E2-4111-49D0-8C97-AB84FABB8326}.Debug|x86.Build.0 = Debug|Any CPU
		{AC6F48E2-4111-49D0-8C97-AB84FABB8326}.Release|Any CPU.ActiveCfg = Release|Any CPU
		{AC6F48E2-4111-49D0-8C97-AB84FABB8326}.Release|Any CPU.Build.0 = Release|Any CPU
		{AC6F48E2-4111-49D0-8C97-AB84FABB8326}.Release|x64.ActiveCfg = Release|Any CPU
		{AC6F48E2-4111-49D0-8C97-AB84FABB8326}.Release|x64.Build.0 = Release|Any CPU
		{AC6F48E2-4111-49D0-8C97-AB84FABB8326}.Release|x86.ActiveCfg = Release|Any CPU
		{AC6F48E2-4111-49D0-8C97-AB84FABB8326}.Release|x86.Build.0 = Release|Any CPU
		{B132BB64-63E8-473A-B901-6527D91F2D48}.Debug|Any CPU.ActiveCfg = Debug|Any CPU
		{B132BB64-63E8-473A-B901-6527D91F2D48}.Debug|Any CPU.Build.0 = Debug|Any CPU
		{B132BB64-63E8-473A-B901-6527D91F2D48}.Debug|x64.ActiveCfg = Debug|Any CPU
		{B132BB64-63E8-473A-B901-6527D91F2D48}.Debug|x64.Build.0 = Debug|Any CPU
		{B132BB64-63E8-473A-B901-6527D91F2D48}.Debug|x86.ActiveCfg = Debug|Any CPU
		{B132BB64-63E8-473A-B901-6527D91F2D48}.Debug|x86.Build.0 = Debug|Any CPU
		{B132BB64-63E8-473A-B901-6527D91F2D48}.Release|Any CPU.ActiveCfg = Release|Any CPU
		{B132BB64-63E8-473A-B901-6527D91F2D48}.Release|Any CPU.Build.0 = Release|Any CPU
		{B132BB64-63E8-473A-B901-6527D91F2D48}.Release|x64.ActiveCfg = Release|Any CPU
		{B132BB64-63E8-473A-B901-6527D91F2D48}.Release|x64.Build.0 = Release|Any CPU
		{B132BB64-63E8-473A-B901-6527D91F2D48}.Release|x86.ActiveCfg = Release|Any CPU
		{B132BB64-63E8-473A-B901-6527D91F2D48}.Release|x86.Build.0 = Release|Any CPU
	EndGlobalSection
EndGlobal
